# THIS IS AN AUTOGENERATED FILE. DO NOT EDIT THIS FILE DIRECTLY.
# yarn lockfile v1


"@types/cache-manager@^4.0.2":
  version "4.0.2"
  resolved "https://registry.yarnpkg.com/@types/cache-manager/-/cache-manager-4.0.2.tgz#5e76dd9e7881c23f332c2f48e5f326bd05ba9ac9"
  integrity sha512-fT5FMdzsiSX0AbgnS5gDvHl2Nco0h5zYyjwDQy4yPC7Ww6DeGMVKPRqIZtg9HOXDV2kkc18SL1B0N8f0BecrCA==

cache-manager@^5.1.6:
  version "5.1.6"
  resolved "https://registry.yarnpkg.com/cache-manager/-/cache-manager-5.1.6.tgz#e0a97f29c1f9970b11ff4acceba70eca6c5592e8"
  integrity sha512-Q1A8ESC9sPgjSebfJl7DWUjcm3Sf5E4b5D9dspy0XCNYLMhcMOrPyTDVTYDDtpVk9JRt3uercpWZAlCsfhlDYQ==
  dependencies:
    lodash.clonedeep "^4.5.0"
    lru-cache "^7.14.0"

lodash.clonedeep@^4.5.0:
  version "4.5.0"
  resolved "https://registry.yarnpkg.com/lodash.clonedeep/-/lodash.clonedeep-4.5.0.tgz#e23f3f9c4f8fbdde872529c1071857a086e5ccef"
  integrity sha512-H5ZhCF25riFd9uB5UCkVKo61m3S/xZk1x4wA6yp/L3RFP6Z/eHH1ymQcGLo7J3GMPfm0V/7m1tryHuGVxpqEBQ==

lru-cache@^7.14.0:
  version "7.14.1"
  resolved "https://registry.yarnpkg.com/lru-cache/-/lru-cache-7.14.1.tgz#8da8d2f5f59827edb388e63e459ac23d6d408fea"
  integrity sha512-ysxwsnTKdAx96aTRdhDOCQfDgbHnt8SK0KY8SEjO0wHinhWOFTESbjVCMPbU1uGXg/ch4lifqx0wfjOawU2+WA==
